
Microsoft Visual Studio Solution File, Format Version 12.00
# Visual Studio Version 17
VisualStudioVersion = 17.7.34024.191
MinimumVisualStudioVersion = 10.0.40219.1
Project("{FAE04EC0-301F-11D3-BF4B-00C04F79EFBC}") = "MVCWebAppIsmane", "MVCWebAppIsmane\MVCWebAppIsmane.csproj", "{0234B8D1-AC31-4AB0-862F-ACDED2DB68A8}"
EndProject
Global
	GlobalSection(SolutionConfigurationPlatforms) = preSolution
		Debug|Any CPU = Debug|Any CPU
		Release|Any CPU = Release|Any CPU
	EndGlobalSection
	GlobalSection(ProjectConfigurationPlatforms) = postSolution
		{0234B8D1-AC31-4AB0-862F-ACDED2DB68A8}.Debug|Any CPU.ActiveCfg = Debug|Any CPU
		{0234B8D1-AC31-4AB0-862F-ACDED2DB68A8}.Debug|Any CPU.Build.0 = Debug|Any CPU
		{0234B8D1-AC31-4AB0-862F-ACDED2DB68A8}.Release|Any CPU.ActiveCfg = Release|Any CPU
		{0234B8D1-AC31-4AB0-862F-ACDED2DB68A8}.Release|Any CPU.Build.0 = Release|Any CPU
	EndGlobalSection
	GlobalSection(SolutionProperties) = preSolution
		HideSolutionNode = FALSE
	EndGlobalSection
	GlobalSection(ExtensibilityGlobals) = postSolution
		SolutionGuid = {BFC4C354-F8B2-4D06-9125-70113B52B573}
	EndGlobalSection
EndGlobal
